
Microsoft Visual Studio Solution File, Format Version 12.00
# Visual Studio Version 17
VisualStudioVersion = 17.1.32210.238
MinimumVisualStudioVersion = 10.0.40219.1
Project("{FAE04EC0-301F-11D3-BF4B-00C04F79EFBC}") = "00_Bilbioteca", "00_Bilbioteca\00_Bilbioteca.csproj", "{0629851B-9A09-440B-89F0-944BBF993A47}"
EndProject
Project("{FAE04EC0-301F-11D3-BF4B-00C04F79EFBC}") = "01_Serializar_XML", "01_Serializar_XML\01_Serializar_XML.csproj", "{8C586B32-C4C3-43DD-98DF-1D3F660AE507}"
EndProject
Project("{FAE04EC0-301F-11D3-BF4B-00C04F79EFBC}") = "02_Deserializar_XML", "02_Deserializar_XML\02_Deserializar_XML.csproj", "{5E18CDAC-88DF-43DE-847A-8376B8BC285D}"
EndProject
Project("{FAE04EC0-301F-11D3-BF4B-00C04F79EFBC}") = "03_Serializar_JSON", "01_Serializar_JSON\03_Serializar_JSON.csproj", "{5B1C609D-718D-4703-9EE2-F04CA364F113}"
EndProject
Project("{FAE04EC0-301F-11D3-BF4B-00C04F79EFBC}") = "04_Deserializar_JSON", "02_Deserializar_JSON\04_Deserializar_JSON.csproj", "{8F01D75F-FA95-499A-A782-D2ADAD4F4FF4}"
EndProject
Global
	GlobalSection(SolutionConfigurationPlatforms) = preSolution
		Debug|Any CPU = Debug|Any CPU
		Release|Any CPU = Release|Any CPU
	EndGlobalSection
	GlobalSection(ProjectConfigurationPlatforms) = postSolution
		{0629851B-9A09-440B-89F0-944BBF993A47}.Debug|Any CPU.ActiveCfg = Debug|Any CPU
		{0629851B-9A09-440B-89F0-944BBF993A47}.Debug|Any CPU.Build.0 = Debug|Any CPU
		{0629851B-9A09-440B-89F0-944BBF993A47}.Release|Any CPU.ActiveCfg = Release|Any CPU
		{0629851B-9A09-440B-89F0-944BBF993A47}.Release|Any CPU.Build.0 = Release|Any CPU
		{8C586B32-C4C3-43DD-98DF-1D3F660AE507}.Debug|Any CPU.ActiveCfg = Debug|Any CPU
		{8C586B32-C4C3-43DD-98DF-1D3F660AE507}.Debug|Any CPU.Build.0 = Debug|Any CPU
		{8C586B32-C4C3-43DD-98DF-1D3F660AE507}.Release|Any CPU.ActiveCfg = Release|Any CPU
		{8C586B32-C4C3-43DD-98DF-1D3F660AE507}.Release|Any CPU.Build.0 = Release|Any CPU
		{5E18CDAC-88DF-43DE-847A-8376B8BC285D}.Debug|Any CPU.ActiveCfg = Debug|Any CPU
		{5E18CDAC-88DF-43DE-847A-8376B8BC285D}.Debug|Any CPU.Build.0 = Debug|Any CPU
		{5E18CDAC-88DF-43DE-847A-8376B8BC285D}.Release|Any CPU.ActiveCfg = Release|Any CPU
		{5E18CDAC-88DF-43DE-847A-8376B8BC285D}.Release|Any CPU.Build.0 = Release|Any CPU
		{5B1C609D-718D-4703-9EE2-F04CA364F113}.Debug|Any CPU.ActiveCfg = Debug|Any CPU
		{5B1C609D-718D-4703-9EE2-F04CA364F113}.Debug|Any CPU.Build.0 = Debug|Any CPU
		{5B1C609D-718D-4703-9EE2-F04CA364F113}.Release|Any CPU.ActiveCfg = Release|Any CPU
		{5B1C609D-718D-4703-9EE2-F04CA364F113}.Release|Any CPU.Build.0 = Release|Any CPU
		{8F01D75F-FA95-499A-A782-D2ADAD4F4FF4}.Debug|Any CPU.ActiveCfg = Debug|Any CPU
		{8F01D75F-FA95-499A-A782-D2ADAD4F4FF4}.Debug|Any CPU.Build.0 = Debug|Any CPU
		{8F01D75F-FA95-499A-A782-D2ADAD4F4FF4}.Release|Any CPU.ActiveCfg = Release|Any CPU
		{8F01D75F-FA95-499A-A782-D2ADAD4F4FF4}.Release|Any CPU.Build.0 = Release|Any CPU
	EndGlobalSection
	GlobalSection(SolutionProperties) = preSolution
		HideSolutionNode = FALSE
	EndGlobalSection
	GlobalSection(ExtensibilityGlobals) = postSolution
		SolutionGuid = {9B713D26-DC16-4D8E-B4FD-DC9493A9560B}
	EndGlobalSection
EndGlobal
