
Microsoft Visual Studio Solution File, Format Version 12.00
# Visual Studio Version 17
VisualStudioVersion = 17.1.32210.238
MinimumVisualStudioVersion = 10.0.40219.1
Project("{FAE04EC0-301F-11D3-BF4B-00C04F79EFBC}") = "Generics", "Generics\Generics.csproj", "{7E6C5E0A-D7C5-41AE-83EB-625B302B482C}"
EndProject
Project("{FAE04EC0-301F-11D3-BF4B-00C04F79EFBC}") = "Extension_Methods", "Extension_Methods\Extension_Methods.csproj", "{C2B529B7-4AA6-4E25-AEBC-818E679952C9}"
EndProject
Global
	GlobalSection(SolutionConfigurationPlatforms) = preSolution
		Debug|Any CPU = Debug|Any CPU
		Release|Any CPU = Release|Any CPU
	EndGlobalSection
	GlobalSection(ProjectConfigurationPlatforms) = postSolution
		{7E6C5E0A-D7C5-41AE-83EB-625B302B482C}.Debug|Any CPU.ActiveCfg = Debug|Any CPU
		{7E6C5E0A-D7C5-41AE-83EB-625B302B482C}.Debug|Any CPU.Build.0 = Debug|Any CPU
		{7E6C5E0A-D7C5-41AE-83EB-625B302B482C}.Release|Any CPU.ActiveCfg = Release|Any CPU
		{7E6C5E0A-D7C5-41AE-83EB-625B302B482C}.Release|Any CPU.Build.0 = Release|Any CPU
		{C2B529B7-4AA6-4E25-AEBC-818E679952C9}.Debug|Any CPU.ActiveCfg = Debug|Any CPU
		{C2B529B7-4AA6-4E25-AEBC-818E679952C9}.Debug|Any CPU.Build.0 = Debug|Any CPU
		{C2B529B7-4AA6-4E25-AEBC-818E679952C9}.Release|Any CPU.ActiveCfg = Release|Any CPU
		{C2B529B7-4AA6-4E25-AEBC-818E679952C9}.Release|Any CPU.Build.0 = Release|Any CPU
	EndGlobalSection
	GlobalSection(SolutionProperties) = preSolution
		HideSolutionNode = FALSE
	EndGlobalSection
	GlobalSection(ExtensibilityGlobals) = postSolution
		SolutionGuid = {322A571E-7C22-4357-8FDF-D7BB7AD919C6}
	EndGlobalSection
EndGlobal
